
Microsoft Visual Studio Solution File, Format Version 12.00
# Visual Studio for Mac
Project("{FAE04EC0-301F-11D3-BF4B-00C04F79EFBC}") = "Assembly-CSharp", "Assembly-CSharp.csproj", "{18A2B8FC-7FB8-F811-80AC-92A04B99830F}"
EndProject
Project("{FAE04EC0-301F-11D3-BF4B-00C04F79EFBC}") = "Assembly-CSharp-Editor", "Assembly-CSharp-Editor.csproj", "{9434135F-EF78-EFCF-6FD6-5D067D3785A1}"
EndProject
Global
	GlobalSection(SolutionConfigurationPlatforms) = preSolution
		Debug|Any CPU = Debug|Any CPU
		Release|Any CPU = Release|Any CPU
	EndGlobalSection
	GlobalSection(ProjectConfigurationPlatforms) = postSolution
		{18A2B8FC-7FB8-F811-80AC-92A04B99830F}.Debug|Any CPU.ActiveCfg = Debug|Any CPU
		{18A2B8FC-7FB8-F811-80AC-92A04B99830F}.Debug|Any CPU.Build.0 = Debug|Any CPU
		{18A2B8FC-7FB8-F811-80AC-92A04B99830F}.Release|Any CPU.ActiveCfg = Release|Any CPU
		{18A2B8FC-7FB8-F811-80AC-92A04B99830F}.Release|Any CPU.Build.0 = Release|Any CPU
		{9434135F-EF78-EFCF-6FD6-5D067D3785A1}.Debug|Any CPU.ActiveCfg = Debug|Any CPU
		{9434135F-EF78-EFCF-6FD6-5D067D3785A1}.Debug|Any CPU.Build.0 = Debug|Any CPU
		{9434135F-EF78-EFCF-6FD6-5D067D3785A1}.Release|Any CPU.ActiveCfg = Release|Any CPU
		{9434135F-EF78-EFCF-6FD6-5D067D3785A1}.Release|Any CPU.Build.0 = Release|Any CPU
	EndGlobalSection
	GlobalSection(SolutionProperties) = preSolution
		HideSolutionNode = FALSE
	EndGlobalSection
EndGlobal
